// !$*UTF8*$!
{
	archiveVersion = 1;
	classes = {
	};
	objectVersion = 50;
	objects = {

/* Begin PBXBuildFile section */
		041DD6F521C2EC300045E169 /* AppDelegate.swift in Sources */ = {isa = PBXBuildFile; fileRef = 041DD6F421C2EC300045E169 /* AppDelegate.swift */; };
		041DD6F721C2EC300045E169 /* ViewController.swift in Sources */ = {isa = PBXBuildFile; fileRef = 041DD6F621C2EC300045E169 /* ViewController.swift */; };
		041DD6FA21C2EC300045E169 /* Main.storyboard in Resources */ = {isa = PBXBuildFile; fileRef = 041DD6F821C2EC300045E169 /* Main.storyboard */; };
		041DD6FC21C2EC320045E169 /* Assets.xcassets in Resources */ = {isa = PBXBuildFile; fileRef = 041DD6FB21C2EC320045E169 /* Assets.xcassets */; };
		041DD6FF21C2EC320045E169 /* LaunchScreen.storyboard in Resources */ = {isa = PBXBuildFile; fileRef = 041DD6FD21C2EC320045E169 /* LaunchScreen.storyboard */; };
		041DD70A21C2EC320045E169 /* weatherAppTests.swift in Sources */ = {isa = PBXBuildFile; fileRef = 041DD70921C2EC320045E169 /* weatherAppTests.swift */; };
		041DD71521C2EC320045E169 /* weatherAppUITests.swift in Sources */ = {isa = PBXBuildFile; fileRef = 041DD71421C2EC320045E169 /* weatherAppUITests.swift */; };
		04EA0BBE21C2EFE0003F7E33 /* weatherCast.jpeg in Resources */ = {isa = PBXBuildFile; fileRef = 04EA0BBD21C2EFE0003F7E33 /* weatherCast.jpeg */; };
/* End PBXBuildFile section */

/* Begin PBXContainerItemProxy section */
		041DD70621C2EC320045E169 /* PBXContainerItemProxy */ = {
			isa = PBXContainerItemProxy;
			containerPortal = 041DD6E921C2EC300045E169 /* Project object */;
			proxyType = 1;
			remoteGlobalIDString = 041DD6F021C2EC300045E169;
			remoteInfo = weatherApp;
		};
		041DD71121C2EC320045E169 /* PBXContainerItemProxy */ = {
			isa = PBXContainerItemProxy;
			containerPortal = 041DD6E921C2EC300045E169 /* Project object */;
			proxyType = 1;
			remoteGlobalIDString = 041DD6F021C2EC300045E169;
			remoteInfo = weatherApp;
		};
/* End PBXContainerItemProxy section */

/* Begin PBXFileReference section */
		041DD6F121C2EC300045E169 /* weatherApp.app */ = {isa = PBXFileReference; explicitFileType = wrapper.application; includeInIndex = 0; path = weatherApp.app; sourceTree = BUILT_PRODUCTS_DIR; };
		041DD6F421C2EC300045E169 /* AppDelegate.swift */ = {isa = PBXFileReference; lastKnownFileType = sourcecode.swift; path = AppDelegate.swift; sourceTree = "<group>"; };
		041DD6F621C2EC300045E169 /* ViewController.swift */ = {isa = PBXFileReference; lastKnownFileType = sourcecode.swift; path = ViewController.swift; sourceTree = "<group>"; };
		041DD6F921C2EC300045E169 /* Base */ = {isa = PBXFileReference; lastKnownFileType = file.storyboard; name = Base; path = Base.lproj/Main.storyboard; sourceTree = "<group>"; };
		041DD6FB21C2EC320045E169 /* Assets.xcassets */ = {isa = PBXFileReference; lastKnownFileType = folder.assetcatalog; path = Assets.xcassets; sourceTree = "<group>"; };
		041DD6FE21C2EC320045E169 /* Base */ = {isa = PBXFileReference; lastKnownFileType = file.storyboard; name = Base; path = Base.lproj/LaunchScreen.storyboard; sourceTree = "<group>"; };
		041DD70021C2EC320045E169 /* Info.plist */ = {isa = PBXFileReference; lastKnownFileType = text.plist.xml; path = Info.plist; sourceTree = "<group>"; };
		041DD70521C2EC320045E169 /* weatherAppTests.xctest */ = {isa = PBXFileReference; explicitFileType = wrapper.cfbundle; includeInIndex = 0; path = weatherAppTests.xctest; sourceTree = BUILT_PRODUCTS_DIR; };
		041DD70921C2EC320045E169 /* weatherAppTests.swift */ = {isa = PBXFileReference; lastKnownFileType = sourcecode.swift; path = weatherAppTests.swift; sourceTree = "<group>"; };
		041DD70B21C2EC320045E169 /* Info.plist */ = {isa = PBXFileReference; lastKnownFileType = text.plist.xml; path = Info.plist; sourceTree = "<group>"; };
		041DD71021C2EC320045E169 /* weatherAppUITests.xctest */ = {isa = PBXFileReference; explicitFileType = wrapper.cfbundle; includeInIndex = 0; path = weatherAppUITests.xctest; sourceTree = BUILT_PRODUCTS_DIR; };
		041DD71421C2EC320045E169 /* weatherAppUITests.swift */ = {isa = PBXFileReference; lastKnownFileType = sourcecode.swift; path = weatherAppUITests.swift; sourceTree = "<group>"; };
		041DD71621C2EC320045E169 /* Info.plist */ = {isa = PBXFileReference; lastKnownFileType = text.plist.xml; path = Info.plist; sourceTree = "<group>"; };
		04EA0BBD21C2EFE0003F7E33 /* weatherCast.jpeg */ = {isa = PBXFileReference; lastKnownFileType = image.jpeg; path = weatherCast.jpeg; sourceTree = "<group>"; };
/* End PBXFileReference section */

/* Begin PBXFrameworksBuildPhase section */
		041DD6EE21C2EC300045E169 /* Frameworks */ = {
			isa = PBXFrameworksBuildPhase;
			buildActionMask = 2147483647;
			files = (
			);
			runOnlyForDeploymentPostprocessing = 0;
		};
		041DD70221C2EC320045E169 /* Frameworks */ = {
			isa = PBXFrameworksBuildPhase;
			buildActionMask = 2147483647;
			files = (
			);
			runOnlyForDeploymentPostprocessing = 0;
		};
		041DD70D21C2EC320045E169 /* Frameworks */ = {
			isa = PBXFrameworksBuildPhase;
			buildActionMask = 2147483647;
			files = (
			);
			runOnlyForDeploymentPostprocessing = 0;
		};
/* End PBXFrameworksBuildPhase section */

/* Begin PBXGroup section */
		041DD6E821C2EC300045E169 = {
			isa = PBXGroup;
			children = (
				041DD6F321C2EC300045E169 /* weatherApp */,
				041DD70821C2EC320045E169 /* weatherAppTests */,
				041DD71321C2EC320045E169 /* weatherAppUITests */,
				041DD6F221C2EC300045E169 /* Products */,
			);
			sourceTree = "<group>";
		};
		041DD6F221C2EC300045E169 /* Products */ = {
			isa = PBXGroup;
			children = (
				041DD6F121C2EC300045E169 /* weatherApp.app */,
				041DD70521C2EC320045E169 /* weatherAppTests.xctest */,
				041DD71021C2EC320045E169 /* weatherAppUITests.xctest */,
			);
			name = Products;
			sourceTree = "<group>";
		};
		041DD6F321C2EC300045E169 /* weatherApp */ = {
			isa = PBXGroup;
			children = (
				04EA0BBD21C2EFE0003F7E33 /* weatherCast.jpeg */,
				041DD6F421C2EC300045E169 /* AppDelegate.swift */,
				041DD6F621C2EC300045E169 /* ViewController.swift */,
				041DD6F821C2EC300045E169 /* Main.storyboard */,
				041DD6FB21C2EC320045E169 /* Assets.xcassets */,
				041DD6FD21C2EC320045E169 /* LaunchScreen.storyboard */,
				041DD70021C2EC320045E169 /* Info.plist */,
			);
			path = weatherApp;
			sourceTree = "<group>";
		};
		041DD70821C2EC320045E169 /* weatherAppTests */ = {
			isa = PBXGroup;
			children = (
				041DD70921C2EC320045E169 /* weatherAppTests.swift */,
				041DD70B21C2EC320045E169 /* Info.plist */,
			);
			path = weatherAppTests;
			sourceTree = "<group>";
		};
		041DD71321C2EC320045E169 /* weatherAppUITests */ = {
			isa = PBXGroup;
			children = (
				041DD71421C2EC320045E169 /* weatherAppUITests.swift */,
				041DD71621C2EC320045E169 /* Info.plist */,
			);
			path = weatherAppUITests;
			sourceTree = "<group>";
		};
/* End PBXGroup section */

/* Begin PBXNativeTarget section */
		041DD6F021C2EC300045E169 /* weatherApp */ = {
			isa = PBXNativeTarget;
			buildConfigurationList = 041DD71921C2EC320045E169 /* Build configuration list for PBXNativeTarget "weatherApp" */;
			buildPhases = (
				041DD6ED21C2EC300045E169 /* Sources */,
				041DD6EE21C2EC300045E169 /* Frameworks */,
				041DD6EF21C2EC300045E169 /* Resources */,
			);
			buildRules = (
			);
			dependencies = (
			);
			name = weatherApp;
			productName = weatherApp;
			productReference = 041DD6F121C2EC300045E169 /* weatherApp.app */;
			productType = "com.apple.product-type.application";
		};
		041DD70421C2EC320045E169 /* weatherAppTests */ = {
			isa = PBXNativeTarget;
			buildConfigurationList = 041DD71C21C2EC320045E169 /* Build configuration list for PBXNativeTarget "weatherAppTests" */;
			buildPhases = (
				041DD70121C2EC320045E169 /* Sources */,
				041DD70221C2EC320045E169 /* Frameworks */,
				041DD70321C2EC320045E169 /* Resources */,
			);
			buildRules = (
			);
			dependencies = (
				041DD70721C2EC320045E169 /* PBXTargetDependency */,
			);
			name = weatherAppTests;
			productName = weatherAppTests;
			productReference = 041DD70521C2EC320045E169 /* weatherAppTests.xctest */;
			productType = "com.apple.product-type.bundle.unit-test";
		};
		041DD70F21C2EC320045E169 /* weatherAppUITests */ = {
			isa = PBXNativeTarget;
			buildConfigurationList = 041DD71F21C2EC320045E169 /* Build configuration list for PBXNativeTarget "weatherAppUITests" */;
			buildPhases = (
				041DD70C21C2EC320045E169 /* Sources */,
				041DD70D21C2EC320045E169 /* Frameworks */,
				041DD70E21C2EC320045E169 /* Resources */,
			);
			buildRules = (
			);
			dependencies = (
				041DD71221C2EC320045E169 /* PBXTargetDependency */,
			);
			name = weatherAppUITests;
			productName = weatherAppUITests;
			productReference = 041DD71021C2EC320045E169 /* weatherAppUITests.xctest */;
			productType = "com.apple.product-type.bundle.ui-testing";
		};
/* End PBXNativeTarget section */

/* Begin PBXProject section */
		041DD6E921C2EC300045E169 /* Project object */ = {
			isa = PBXProject;
			attributes = {
				LastSwiftUpdateCheck = 1010;
				LastUpgradeCheck = 1010;
				ORGANIZATIONNAME = MAC;
				TargetAttributes = {
					041DD6F021C2EC300045E169 = {
						CreatedOnToolsVersion = 10.1;
					};
					041DD70421C2EC320045E169 = {
						CreatedOnToolsVersion = 10.1;
						TestTargetID = 041DD6F021C2EC300045E169;
					};
					041DD70F21C2EC320045E169 = {
						CreatedOnToolsVersion = 10.1;
						TestTargetID = 041DD6F021C2EC300045E169;
					};
				};
			};
			buildConfigurationList = 041DD6EC21C2EC300045E169 /* Build configuration list for PBXProject "weatherApp" */;
			compatibilityVersion = "Xcode 9.3";
			developmentRegion = en;
			hasScannedForEncodings = 0;
			knownRegions = (
				en,
				Base,
			);
			mainGroup = 041DD6E821C2EC300045E169;
			productRefGroup = 041DD6F221C2EC300045E169 /* Products */;
			projectDirPath = "";
			projectRoot = "";
			targets = (
				041DD6F021C2EC300045E169 /* weatherApp */,
				041DD70421C2EC320045E169 /* weatherAppTests */,
				041DD70F21C2EC320045E169 /* weatherAppUITests */,
			);
		};
/* End PBXProject section */

/* Begin PBXResourcesBuildPhase section */
		041DD6EF21C2EC300045E169 /* Resources */ = {
			isa = PBXResourcesBuildPhase;
			buildActionMask = 2147483647;
			files = (
				041DD6FF21C2EC320045E169 /* LaunchScreen.storyboard in Resources */,
				041DD6FC21C2EC320045E169 /* Assets.xcassets in Resources */,
				041DD6FA21C2EC300045E169 /* Main.storyboard in Resources */,
				04EA0BBE21C2EFE0003F7E33 /* weatherCast.jpeg in Resources */,
			);
			runOnlyForDeploymentPostprocessing = 0;
		};
		041DD70321C2EC320045E169 /* Resources */ = {
			isa = PBXResourcesBuildPhase;
			buildActionMask = 2147483647;
			files = (
			);
			runOnlyForDeploymentPostprocessing = 0;
		};
		041DD70E21C2EC320045E169 /* Resources */ = {
			isa = PBXResourcesBuildPhase;
			buildActionMask = 2147483647;
			files = (
			);
			runOnlyForDeploymentPostprocessing = 0;
		};
/* End PBXResourcesBuildPhase section */

/* Begin PBXSourcesBuildPhase section */
		041DD6ED21C2EC300045E169 /* Sources */ = {
			isa = PBXSourcesBuildPhase;
			buildActionMask = 2147483647;
			files = (
				041DD6F721C2EC300045E169 /* ViewController.swift in Sources */,
				041DD6F521C2EC300045E169 /* AppDelegate.swift in Sources */,
			);
			runOnlyForDeploymentPostprocessing = 0;
		};
		041DD70121C2EC320045E169 /* Sources */ = {
			isa = PBXSourcesBuildPhase;
			buildActionMask = 2147483647;
			files = (
				041DD70A21C2EC320045E169 /* weatherAppTests.swift in Sources */,
			);
			runOnlyForDeploymentPostprocessing = 0;
		};
		041DD70C21C2EC320045E169 /* Sources */ = {
			isa = PBXSourcesBuildPhase;
			buildActionMask = 2147483647;
			files = (
				041DD71521C2EC320045E169 /* weatherAppUITests.swift in Sources */,
			);
			runOnlyForDeploymentPostprocessing = 0;
		};
/* End PBXSourcesBuildPhase section */

/* Begin PBXTargetDependency section */
		041DD70721C2EC320045E169 /* PBXTargetDependency */ = {
			isa = PBXTargetDependency;
			target = 041DD6F021C2EC300045E169 /* weatherApp */;
			targetProxy = 041DD70621C2EC320045E169 /* PBXContainerItemProxy */;
		};
		041DD71221C2EC320045E169 /* PBXTargetDependency */ = {
			isa = PBXTargetDependency;
			target = 041DD6F021C2EC300045E169 /* weatherApp */;
			targetProxy = 041DD71121C2EC320045E169 /* PBXContainerItemProxy */;
		};
/* End PBXTargetDependency section */

/* Begin PBXVariantGroup section */
		041DD6F821C2EC300045E169 /* Main.storyboard */ = {
			isa = PBXVariantGroup;
			children = (
				041DD6F921C2EC300045E169 /* Base */,
			);
			name = Main.storyboard;
			sourceTree = "<group>";
		};
		041DD6FD21C2EC320045E169 /* LaunchScreen.storyboard */ = {
			isa = PBXVariantGroup;
			children = (
				041DD6FE21C2EC320045E169 /* Base */,
			);
			name = LaunchScreen.storyboard;
			sourceTree = "<group>";
		};
/* End PBXVariantGroup section */

/* Begin XCBuildConfiguration section */
		041DD71721C2EC320045E169 /* Debug */ = {
			isa = XCBuildConfiguration;
			buildSettings = {
				ALWAYS_SEARCH_USER_PATHS = NO;
				CLANG_ANALYZER_NONNULL = YES;
				CLANG_ANALYZER_NUMBER_OBJECT_CONVERSION = YES_AGGRESSIVE;
				CLANG_CXX_LANGUAGE_STANDARD = "gnu++14";
				CLANG_CXX_LIBRARY = "libc++";
				CLANG_ENABLE_MODULES = YES;
				CLANG_ENABLE_OBJC_ARC = YES;
				CLANG_ENABLE_OBJC_WEAK = YES;
				CLANG_WARN_BLOCK_CAPTURE_AUTORELEASING = YES;
				CLANG_WARN_BOOL_CONVERSION = YES;
				CLANG_WARN_COMMA = YES;
				CLANG_WARN_CONSTANT_CONVERSION = YES;
				CLANG_WARN_DEPRECATED_OBJC_IMPLEMENTATIONS = YES;
				CLANG_WARN_DIRECT_OBJC_ISA_USAGE = YES_ERROR;
				CLANG_WARN_DOCUMENTATION_COMMENTS = YES;
				CLANG_WARN_EMPTY_BODY = YES;
				CLANG_WARN_ENUM_CONVERSION = YES;
				CLANG_WARN_INFINITE_RECURSION = YES;
				CLANG_WARN_INT_CONVERSION = YES;
				CLANG_WARN_NON_LITERAL_NULL_CONVERSION = YES;
				CLANG_WARN_OBJC_IMPLICIT_RETAIN_SELF = YES;
				CLANG_WARN_OBJC_LITERAL_CONVERSION = YES;
				CLANG_WARN_OBJC_ROOT_CLASS = YES_ERROR;
				CLANG_WARN_RANGE_LOOP_ANALYSIS = YES;
				CLANG_WARN_STRICT_PROTOTYPES = YES;
				CLANG_WARN_SUSPICIOUS_MOVE = YES;
				CLANG_WARN_UNGUARDED_AVAILABILITY = YES_AGGRESSIVE;
				CLANG_WARN_UNREACHABLE_CODE = YES;
				CLANG_WARN__DUPLICATE_METHOD_MATCH = YES;
				CODE_SIGN_IDENTITY = "iPhone Developer";
				COPY_PHASE_STRIP = NO;
				DEBUG_INFORMATION_FORMAT = dwarf;
				ENABLE_STRICT_OBJC_MSGSEND = YES;
				ENABLE_TESTABILITY = YES;
				GCC_C_LANGUAGE_STANDARD = gnu11;
				GCC_DYNAMIC_NO_PIC = NO;
				GCC_NO_COMMON_BLOCKS = YES;
				GCC_OPTIMIZATION_LEVEL = 0;
				GCC_PREPROCESSOR_DEFINITIONS = (
					"DEBUG=1",
					"$(inherited)",
				);
				GCC_WARN_64_TO_32_BIT_CONVERSION = YES;
				GCC_WARN_ABOUT_RETURN_TYPE = YES_ERROR;
				GCC_WARN_UNDECLARED_SELECTOR = YES;
				GCC_WARN_UNINITIALIZED_AUTOS = YES_AGGRESSIVE;
				GCC_WARN_UNUSED_FUNCTION = YES;
				GCC_WARN_UNUSED_VARIABLE = YES;
				IPHONEOS_DEPLOYMENT_TARGET = 12.1;
				MTL_ENABLE_DEBUG_INFO = INCLUDE_SOURCE;
				MTL_FAST_MATH = YES;
				ONLY_ACTIVE_ARCH = YES;
				SDKROOT = iphoneos;
				SWIFT_ACTIVE_COMPILATION_CONDITIONS = DEBUG;
				SWIFT_OPTIMIZATION_LEVEL = "-Onone";
			};
			name = Debug;
		};
		041DD71821C2EC320045E169 /* Release */ = {
			isa = XCBuildConfiguration;
			buildSettings = {
				ALWAYS_SEARCH_USER_PATHS = NO;
				CLANG_ANALYZER_NONNULL = YES;
				CLANG_ANALYZER_NUMBER_OBJECT_CONVERSION = YES_AGGRESSIVE;
				CLANG_CXX_LANGUAGE_STANDARD = "gnu++14";
				CLANG_CXX_LIBRARY = "libc++";
				CLANG_ENABLE_MODULES = YES;
				CLANG_ENABLE_OBJC_ARC = YES;
				CLANG_ENABLE_OBJC_WEAK = YES;
				CLANG_WARN_BLOCK_CAPTURE_AUTORELEASING = YES;
				CLANG_WARN_BOOL_CONVERSION = YES;
				CLANG_WARN_COMMA = YES;
				CLANG_WARN_CONSTANT_CONVERSION = YES;
				CLANG_WARN_DEPRECATED_OBJC_IMPLEMENTATIONS = YES;
				CLANG_WARN_DIRECT_OBJC_ISA_USAGE = YES_ERROR;
				CLANG_WARN_DOCUMENTATION_COMMENTS = YES;
				CLANG_WARN_EMPTY_BODY = YES;
				CLANG_WARN_ENUM_CONVERSION = YES;
				CLANG_WARN_INFINITE_RECURSION = YES;
				CLANG_WARN_INT_CONVERSION = YES;
				CLANG_WARN_NON_LITERAL_NULL_CONVERSION = YES;
				CLANG_WARN_OBJC_IMPLICIT_RETAIN_SELF = YES;
				CLANG_WARN_OBJC_LITERAL_CONVERSION = YES;
				CLANG_WARN_OBJC_ROOT_CLASS = YES_ERROR;
				CLANG_WARN_RANGE_LOOP_ANALYSIS = YES;
				CLANG_WARN_STRICT_PROTOTYPES = YES;
				CLANG_WARN_SUSPICIOUS_MOVE = YES;
				CLANG_WARN_UNGUARDED_AVAILABILITY = YES_AGGRESSIVE;
				CLANG_WARN_UNREACHABLE_CODE = YES;
				CLANG_WARN__DUPLICATE_METHOD_MATCH = YES;
				CODE_SIGN_IDENTITY = "iPhone Developer";
				COPY_PHASE_STRIP = NO;
				DEBUG_INFORMATION_FORMAT = "dwarf-with-dsym";
				ENABLE_NS_ASSERTIONS = NO;
				ENABLE_STRICT_OBJC_MSGSEND = YES;
				GCC_C_LANGUAGE_STANDARD = gnu11;
				GCC_NO_COMMON_BLOCKS = YES;
				GCC_WARN_64_TO_32_BIT_CONVERSION = YES;
				GCC_WARN_ABOUT_RETURN_TYPE = YES_ERROR;
				GCC_WARN_UNDECLARED_SELECTOR = YES;
				GCC_WARN_UNINITIALIZED_AUTOS = YES_AGGRESSIVE;
				GCC_WARN_UNUSED_FUNCTION = YES;
				GCC_WARN_UNUSED_VARIABLE = YES;
				IPHONEOS_DEPLOYMENT_TARGET = 12.1;
				MTL_ENABLE_DEBUG_INFO = NO;
				MTL_FAST_MATH = YES;
				SDKROOT = iphoneos;
				SWIFT_COMPILATION_MODE = wholemodule;
				SWIFT_OPTIMIZATION_LEVEL = "-O";
				VALIDATE_PRODUCT = YES;
			};
			name = Release;
		};
		041DD71A21C2EC320045E169 /* Debug */ = {
			isa = XCBuildConfiguration;
			buildSettings = {
				ASSETCATALOG_COMPILER_APPICON_NAME = AppIcon;
				CODE_SIGN_STYLE = Automatic;
				INFOPLIST_FILE = weatherApp/Info.plist;
				LD_RUNPATH_SEARCH_PATHS = (
					"$(inherited)",
					"@executable_path/Frameworks",
				);
				PRODUCT_BUNDLE_IDENTIFIER = com.phronesis.weatherApp.weatherApp;
				PRODUCT_NAME = "$(TARGET_NAME)";
				SWIFT_VERSION = 4.2;
				TARGETED_DEVICE_FAMILY = "1,2";
			};
			name = Debug;
		};
		041DD71B21C2EC320045E169 /* Release */ = {
			isa = XCBuildConfiguration;
			buildSettings = {
				ASSETCATALOG_COMPILER_APPICON_NAME = AppIcon;
				CODE_SIGN_STYLE = Automatic;
				INFOPLIST_FILE = weatherApp/Info.plist;
				LD_RUNPATH_SEARCH_PATHS = (
					"$(inherited)",
					"@executable_path/Frameworks",
				);
				PRODUCT_BUNDLE_IDENTIFIER = com.phronesis.weatherApp.weatherApp;
				PRODUCT_NAME = "$(TARGET_NAME)";
				SWIFT_VERSION = 4.2;
				TARGETED_DEVICE_FAMILY = "1,2";
			};
			name = Release;
		};
		041DD71D21C2EC320045E169 /* Debug */ = {
			isa = XCBuildConfiguration;
			buildSettings = {
				ALWAYS_EMBED_SWIFT_STANDARD_LIBRARIES = YES;
				BUNDLE_LOADER = "$(TEST_HOST)";
				CODE_SIGN_STYLE = Automatic;
				INFOPLIST_FILE = weatherAppTests/Info.plist;
				LD_RUNPATH_SEARCH_PATHS = (
					"$(inherited)",
					"@executable_path/Frameworks",
					"@loader_path/Frameworks",
				);
				PRODUCT_BUNDLE_IDENTIFIER = com.phronesis.weatherApp.weatherAppTests;
				PRODUCT_NAME = "$(TARGET_NAME)";
				SWIFT_VERSION = 4.2;
				TARGETED_DEVICE_FAMILY = "1,2";
				TEST_HOST = "$(BUILT_PRODUCTS_DIR)/weatherApp.app/weatherApp";
			};
			name = Debug;
		};
		041DD71E21C2EC320045E169 /* Release */ = {
			isa = XCBuildConfiguration;
			buildSettings = {
				ALWAYS_EMBED_SWIFT_STANDARD_LIBRARIES = YES;
				BUNDLE_LOADER = "$(TEST_HOST)";
				CODE_SIGN_STYLE = Automatic;
				INFOPLIST_FILE = weatherAppTests/Info.plist;
				LD_RUNPATH_SEARCH_PATHS = (
					"$(inherited)",
					"@executable_path/Frameworks",
					"@loader_path/Frameworks",
				);
				PRODUCT_BUNDLE_IDENTIFIER = com.phronesis.weatherApp.weatherAppTests;
				PRODUCT_NAME = "$(TARGET_NAME)";
				SWIFT_VERSION = 4.2;
				TARGETED_DEVICE_FAMILY = "1,2";
				TEST_HOST = "$(BUILT_PRODUCTS_DIR)/weatherApp.app/weatherApp";
			};
			name = Release;
		};
		041DD72021C2EC320045E169 /* Debug */ = {
			isa = XCBuildConfiguration;
			buildSettings = {
				ALWAYS_EMBED_SWIFT_STANDARD_LIBRARIES = YES;
				CODE_SIGN_STYLE = Automatic;
				INFOPLIST_FILE = weatherAppUITests/Info.plist;
				LD_RUNPATH_SEARCH_PATHS = (
					"$(inherited)",
					"@executable_path/Frameworks",
					"@loader_path/Frameworks",
				);
				PRODUCT_BUNDLE_IDENTIFIER = com.phronesis.weatherApp.weatherAppUITests;
				PRODUCT_NAME = "$(TARGET_NAME)";
				SWIFT_VERSION = 4.2;
				TARGETED_DEVICE_FAMILY = "1,2";
				TEST_TARGET_NAME = weatherApp;
			};
			name = Debug;
		};
		041DD72121C2EC320045E169 /* Release */ = {
			isa = XCBuildConfiguration;
			buildSettings = {
				ALWAYS_EMBED_SWIFT_STANDARD_LIBRARIES = YES;
				CODE_SIGN_STYLE = Automatic;
				INFOPLIST_FILE = weatherAppUITests/Info.plist;
				LD_RUNPATH_SEARCH_PATHS = (
					"$(inherited)",
					"@executable_path/Frameworks",
					"@loader_path/Frameworks",
				);
				PRODUCT_BUNDLE_IDENTIFIER = com.phronesis.weatherApp.weatherAppUITests;
				PRODUCT_NAME = "$(TARGET_NAME)";
				SWIFT_VERSION = 4.2;
				TARGETED_DEVICE_FAMILY = "1,2";
				TEST_TARGET_NAME = weatherApp;
			};
			name = Release;
		};
/* End XCBuildConfiguration section */

/* Begin XCConfigurationList section */
		041DD6EC21C2EC300045E169 /* Build configuration list for PBXProject "weatherApp" */ = {
			isa = XCConfigurationList;
			buildConfigurations = (
				041DD71721C2EC320045E169 /* Debug */,
				041DD71821C2EC320045E169 /* Release */,
			);
			defaultConfigurationIsVisible = 0;
			defaultConfigurationName = Release;
		};
		041DD71921C2EC320045E169 /* Build configuration list for PBXNativeTarget "weatherApp" */ = {
			isa = XCConfigurationList;
			buildConfigurations = (
				041DD71A21C2EC320045E169 /* Debug */,
				041DD71B21C2EC320045E169 /* Release */,
			);
			defaultConfigurationIsVisible = 0;
			defaultConfigurationName = Release;
		};
		041DD71C21C2EC320045E169 /* Build configuration list for PBXNativeTarget "weatherAppTests" */ = {
			isa = XCConfigurationList;
			buildConfigurations = (
				041DD71D21C2EC320045E169 /* Debug */,
				041DD71E21C2EC320045E169 /* Release */,
			);
			defaultConfigurationIsVisible = 0;
			defaultConfigurationName = Release;
		};
		041DD71F21C2EC320045E169 /* Build configuration list for PBXNativeTarget "weatherAppUITests" */ = {
			isa = XCConfigurationList;
			buildConfigurations = (
				041DD72021C2EC320045E169 /* Debug */,
				041DD72121C2EC320045E169 /* Release */,
			);
			defaultConfigurationIsVisible = 0;
			defaultConfigurationName = Release;
		};
/* End XCConfigurationList section */
	};
	rootObject = 041DD6E921C2EC300045E169 /* Project object */;
}
